
Microsoft Visual Studio Solution File, Format Version 12.00
# Visual Studio Version 17
VisualStudioVersion = 17.8.34330.188
MinimumVisualStudioVersion = 10.0.40219.1
Project("{FAE04EC0-301F-11D3-BF4B-00C04F79EFBC}") = "Sample", "Sample.csproj", "{B4A39F35-668B-4828-8159-AD8933A56740}"
EndProject
Global
	GlobalSection(SolutionConfigurationPlatforms) = preSolution
		Debug|Any CPU = Debug|Any CPU
		Release|Any CPU = Release|Any CPU
	EndGlobalSection
	GlobalSection(ProjectConfigurationPlatforms) = postSolution
		{B4A39F35-668B-4828-8159-AD8933A56740}.Debug|Any CPU.ActiveCfg = Debug|Any CPU
		{B4A39F35-668B-4828-8159-AD8933A56740}.Debug|Any CPU.Build.0 = Debug|Any CPU
		{B4A39F35-668B-4828-8159-AD8933A56740}.Release|Any CPU.ActiveCfg = Release|Any CPU
		{B4A39F35-668B-4828-8159-AD8933A56740}.Release|Any CPU.Build.0 = Release|Any CPU
	EndGlobalSection
	GlobalSection(SolutionProperties) = preSolution
		HideSolutionNode = FALSE
	EndGlobalSection
	GlobalSection(ExtensibilityGlobals) = postSolution
		SolutionGuid = {BDC8F441-2909-4112-A0EE-8073524D3DD7}
	EndGlobalSection
EndGlobal
